
Microsoft Visual Studio Solution File, Format Version 11.00
# Visual Studio 2010
Project("{2150E333-8FDC-42A3-9474-1A3956D46DE8}") = "ExternalResources", "ExternalResources", "{A64D4D86-9DD0-4DB4-8737-EFB53C1F96A6}"
	ProjectSection(SolutionItems) = preProject
		resources\Highlighter.Net.dll = resources\Highlighter.Net.dll
		resources\Interop.SHDocVw.dll = resources\Interop.SHDocVw.dll
		resources\Lucene.Net.dll = resources\Lucene.Net.dll
		resources\Microsoft.mshtml.dll = resources\Microsoft.mshtml.dll
		resources\WatiN.Core.dll = resources\WatiN.Core.dll
	EndProjectSection
EndProject
Project("{FAE04EC0-301F-11D3-BF4B-00C04F79EFBC}") = "Sharpcms.Core", "System\Core\Sharpcms.Core.csproj", "{8D3AF0F3-3706-40E7-823E-F1B5E14D113B}"
EndProject
Project("{FAE04EC0-301F-11D3-BF4B-00C04F79EFBC}") = "Sharpcms.Data.SiteTree", "DataModels\SiteTree\Sharpcms.Data.SiteTree.csproj", "{1E4424FF-3B6F-42D4-90C3-44348FB5AF47}"
EndProject
Project("{FAE04EC0-301F-11D3-BF4B-00C04F79EFBC}") = "Sharpcms.Library", "System\Library\Sharpcms.Library.csproj", "{033FD7D2-D3F9-4EA7-81E7-EFA959753107}"
EndProject
Project("{FAE04EC0-301F-11D3-BF4B-00C04F79EFBC}") = "Sharpcms.Data.FileTree", "DataModels\FileTree\Sharpcms.Data.FileTree.csproj", "{0611BC03-6D92-429E-836D-1FACCFCD7FC1}"
EndProject
Project("{FAE04EC0-301F-11D3-BF4B-00C04F79EFBC}") = "Sharpcms.Providers.Base", "Plugins\ProviderBase\Sharpcms.Providers.Base.csproj", "{2CD5AE1B-2592-4278-AED1-47F68467E849}"
EndProject
Project("{FAE04EC0-301F-11D3-BF4B-00C04F79EFBC}") = "Sharpcms.Providers.ProviderErrorLog", "Plugins\ProviderErrorLog\Sharpcms.Providers.ProviderErrorLog.csproj", "{334CF88B-303C-4904-B841-147822607BAD}"
EndProject
Project("{E24C65DC-7377-472B-9ABA-BC803B73C61A}") = "cleansite", "cleansite\", "{9DDBB54A-232D-47E4-8172-36BFCAF92BA5}"
	ProjectSection(WebsiteProperties) = preProject
		SccProjectName = ""
		SccAuxPath = ""
		SccLocalPath = ""
		SccProvider = ""
		TargetFrameworkMoniker = ".NETFramework,Version%3Dv4.0"
		ProjectReferences = "{8D3AF0F3-3706-40E7-823E-F1B5E14D113B}|Core.dll;{033FD7D2-D3F9-4EA7-81E7-EFA959753107}|Library.dll;{0611BC03-6D92-429E-836D-1FACCFCD7FC1}|FileTree.dll;{2CD5AE1B-2592-4278-AED1-47F68467E849}|Providerbase.dll;{334CF88B-303C-4904-B841-147822607BAD}|ProviderErrorLog.dll;{AD6A4DDB-1E9F-4720-BDD9-D0D2FD5B44E3}|ProviderSearch.dll;{1E4424FF-3B6F-42D4-90C3-44348FB5AF47}|SiteTree.dll;{6B2512E4-8BC7-48E6-9BCE-994EAFB24ECD}|Cookies.dll;"
		Debug.AspNetCompiler.VirtualPath = "/cleansite"
		Debug.AspNetCompiler.PhysicalPath = "cleansite\"
		Debug.AspNetCompiler.TargetPath = "PrecompiledWeb\cleansite\"
		Debug.AspNetCompiler.Updateable = "true"
		Debug.AspNetCompiler.ForceOverwrite = "true"
		Debug.AspNetCompiler.FixedNames = "false"
		Debug.AspNetCompiler.Debug = "True"
		Release.AspNetCompiler.VirtualPath = "/cleansite"
		Release.AspNetCompiler.PhysicalPath = "cleansite\"
		Release.AspNetCompiler.TargetPath = "PrecompiledWeb\cleansite\"
		Release.AspNetCompiler.Updateable = "true"
		Release.AspNetCompiler.ForceOverwrite = "true"
		Release.AspNetCompiler.FixedNames = "false"
		Release.AspNetCompiler.Debug = "False"
		VWDPort = "52775"
		VWDVirtualPath = "/"
	EndProjectSection
EndProject
Project("{FAE04EC0-301F-11D3-BF4B-00C04F79EFBC}") = "Sharpcms.Providers.ProviderSearch", "Plugins\ProviderSearch\Sharpcms.Providers.ProviderSearch.csproj", "{AD6A4DDB-1E9F-4720-BDD9-D0D2FD5B44E3}"
	ProjectSection(ProjectDependencies) = postProject
		{0611BC03-6D92-429E-836D-1FACCFCD7FC1} = {0611BC03-6D92-429E-836D-1FACCFCD7FC1}
	EndProjectSection
EndProject
Project("{FAE04EC0-301F-11D3-BF4B-00C04F79EFBC}") = "UITests", "Tests\UITests\UITests.csproj", "{CA492DA1-8307-4ED6-9612-7ABF41AF092A}"
EndProject
Project("{FAE04EC0-301F-11D3-BF4B-00C04F79EFBC}") = "UnitTest", "Tests\UnitTest\UnitTest.csproj", "{9D83A13D-B5A2-4363-8B3E-9ED055BACAFD}"
EndProject
Project("{FAE04EC0-301F-11D3-BF4B-00C04F79EFBC}") = "Sharpcms.Providers.Cookies", "Cookies\Sharpcms.Providers.Cookies.csproj", "{6B2512E4-8BC7-48E6-9BCE-994EAFB24ECD}"
EndProject
Project("{FAE04EC0-301F-11D3-BF4B-00C04F79EFBC}") = "Sharpcms.PluginInterface", "System\PluginInterfaces\Sharpcms.PluginInterface.csproj", "{0F97C944-8FAE-4F2B-8B1B-A2B9ACBD4A68}"
EndProject
Project("{E24C65DC-7377-472B-9ABA-BC803B73C61A}") = "sharpcms.org", "sharpcms.org\", "{0F2183B0-ADFC-4E58-868B-EC8C779EBA79}"
	ProjectSection(WebsiteProperties) = preProject
		TargetFrameworkMoniker = ".NETFramework,Version%3Dv4.0"
		ProjectReferences = "{8D3AF0F3-3706-40E7-823E-F1B5E14D113B}|Sharpcms.Core.dll;{033FD7D2-D3F9-4EA7-81E7-EFA959753107}|Sharpcms.Library.dll;{0611BC03-6D92-429E-836D-1FACCFCD7FC1}|Sharpcms.Data.FileTree.dll;{1E4424FF-3B6F-42D4-90C3-44348FB5AF47}|Sharpcms.Data.SiteTree.dll;{2CD5AE1B-2592-4278-AED1-47F68467E849}|Sharpcms.Providers.Base.dll;{6B2512E4-8BC7-48E6-9BCE-994EAFB24ECD}|Sharpcms.Providers.Cookies.dll;{334CF88B-303C-4904-B841-147822607BAD}|Sharpcms.Providers.ProviderErrorLog.dll;{AD6A4DDB-1E9F-4720-BDD9-D0D2FD5B44E3}|Sharpcms.Providers.ProviderSearch.dll;"
		Debug.AspNetCompiler.VirtualPath = "/sharpcms.org"
		Debug.AspNetCompiler.PhysicalPath = "sharpcms.org\"
		Debug.AspNetCompiler.TargetPath = "PrecompiledWeb\sharpcms.org\"
		Debug.AspNetCompiler.Updateable = "true"
		Debug.AspNetCompiler.ForceOverwrite = "true"
		Debug.AspNetCompiler.FixedNames = "false"
		Debug.AspNetCompiler.Debug = "True"
		Release.AspNetCompiler.VirtualPath = "/sharpcms.org"
		Release.AspNetCompiler.PhysicalPath = "sharpcms.org\"
		Release.AspNetCompiler.TargetPath = "PrecompiledWeb\sharpcms.org\"
		Release.AspNetCompiler.Updateable = "true"
		Release.AspNetCompiler.ForceOverwrite = "true"
		Release.AspNetCompiler.FixedNames = "false"
		Release.AspNetCompiler.Debug = "False"
		VWDPort = "51459"
		VWDVirtualPath = "/"
	EndProjectSection
EndProject
Global
	GlobalSection(SolutionConfigurationPlatforms) = preSolution
		Debug|Any CPU = Debug|Any CPU
		Debug|Mixed Platforms = Debug|Mixed Platforms
		Release|Any CPU = Release|Any CPU
		Release|Mixed Platforms = Release|Mixed Platforms
	EndGlobalSection
	GlobalSection(ProjectConfigurationPlatforms) = postSolution
		{8D3AF0F3-3706-40E7-823E-F1B5E14D113B}.Debug|Any CPU.ActiveCfg = Debug|Any CPU
		{8D3AF0F3-3706-40E7-823E-F1B5E14D113B}.Debug|Any CPU.Build.0 = Debug|Any CPU
		{8D3AF0F3-3706-40E7-823E-F1B5E14D113B}.Debug|Mixed Platforms.ActiveCfg = Debug|Any CPU
		{8D3AF0F3-3706-40E7-823E-F1B5E14D113B}.Debug|Mixed Platforms.Build.0 = Debug|Any CPU
		{8D3AF0F3-3706-40E7-823E-F1B5E14D113B}.Release|Any CPU.ActiveCfg = Release|Any CPU
		{8D3AF0F3-3706-40E7-823E-F1B5E14D113B}.Release|Any CPU.Build.0 = Release|Any CPU
		{8D3AF0F3-3706-40E7-823E-F1B5E14D113B}.Release|Mixed Platforms.ActiveCfg = Release|Any CPU
		{8D3AF0F3-3706-40E7-823E-F1B5E14D113B}.Release|Mixed Platforms.Build.0 = Release|Any CPU
		{1E4424FF-3B6F-42D4-90C3-44348FB5AF47}.Debug|Any CPU.ActiveCfg = Debug|Any CPU
		{1E4424FF-3B6F-42D4-90C3-44348FB5AF47}.Debug|Any CPU.Build.0 = Debug|Any CPU
		{1E4424FF-3B6F-42D4-90C3-44348FB5AF47}.Debug|Mixed Platforms.ActiveCfg = Debug|Any CPU
		{1E4424FF-3B6F-42D4-90C3-44348FB5AF47}.Debug|Mixed Platforms.Build.0 = Debug|Any CPU
		{1E4424FF-3B6F-42D4-90C3-44348FB5AF47}.Release|Any CPU.ActiveCfg = Release|Any CPU
		{1E4424FF-3B6F-42D4-90C3-44348FB5AF47}.Release|Any CPU.Build.0 = Release|Any CPU
		{1E4424FF-3B6F-42D4-90C3-44348FB5AF47}.Release|Mixed Platforms.ActiveCfg = Release|Any CPU
		{1E4424FF-3B6F-42D4-90C3-44348FB5AF47}.Release|Mixed Platforms.Build.0 = Release|Any CPU
		{033FD7D2-D3F9-4EA7-81E7-EFA959753107}.Debug|Any CPU.ActiveCfg = Debug|Any CPU
		{033FD7D2-D3F9-4EA7-81E7-EFA959753107}.Debug|Any CPU.Build.0 = Debug|Any CPU
		{033FD7D2-D3F9-4EA7-81E7-EFA959753107}.Debug|Mixed Platforms.ActiveCfg = Debug|Any CPU
		{033FD7D2-D3F9-4EA7-81E7-EFA959753107}.Debug|Mixed Platforms.Build.0 = Debug|Any CPU
		{033FD7D2-D3F9-4EA7-81E7-EFA959753107}.Release|Any CPU.ActiveCfg = Release|Any CPU
		{033FD7D2-D3F9-4EA7-81E7-EFA959753107}.Release|Any CPU.Build.0 = Release|Any CPU
		{033FD7D2-D3F9-4EA7-81E7-EFA959753107}.Release|Mixed Platforms.ActiveCfg = Release|Any CPU
		{033FD7D2-D3F9-4EA7-81E7-EFA959753107}.Release|Mixed Platforms.Build.0 = Release|Any CPU
		{0611BC03-6D92-429E-836D-1FACCFCD7FC1}.Debug|Any CPU.ActiveCfg = Debug|Any CPU
		{0611BC03-6D92-429E-836D-1FACCFCD7FC1}.Debug|Any CPU.Build.0 = Debug|Any CPU
		{0611BC03-6D92-429E-836D-1FACCFCD7FC1}.Debug|Mixed Platforms.ActiveCfg = Debug|Any CPU
		{0611BC03-6D92-429E-836D-1FACCFCD7FC1}.Debug|Mixed Platforms.Build.0 = Debug|Any CPU
		{0611BC03-6D92-429E-836D-1FACCFCD7FC1}.Release|Any CPU.ActiveCfg = Release|Any CPU
		{0611BC03-6D92-429E-836D-1FACCFCD7FC1}.Release|Any CPU.Build.0 = Release|Any CPU
		{0611BC03-6D92-429E-836D-1FACCFCD7FC1}.Release|Mixed Platforms.ActiveCfg = Release|Any CPU
		{0611BC03-6D92-429E-836D-1FACCFCD7FC1}.Release|Mixed Platforms.Build.0 = Release|Any CPU
		{2CD5AE1B-2592-4278-AED1-47F68467E849}.Debug|Any CPU.ActiveCfg = Debug|Any CPU
		{2CD5AE1B-2592-4278-AED1-47F68467E849}.Debug|Any CPU.Build.0 = Debug|Any CPU
		{2CD5AE1B-2592-4278-AED1-47F68467E849}.Debug|Mixed Platforms.ActiveCfg = Debug|Any CPU
		{2CD5AE1B-2592-4278-AED1-47F68467E849}.Debug|Mixed Platforms.Build.0 = Debug|Any CPU
		{2CD5AE1B-2592-4278-AED1-47F68467E849}.Release|Any CPU.ActiveCfg = Release|Any CPU
		{2CD5AE1B-2592-4278-AED1-47F68467E849}.Release|Any CPU.Build.0 = Release|Any CPU
		{2CD5AE1B-2592-4278-AED1-47F68467E849}.Release|Mixed Platforms.ActiveCfg = Release|Any CPU
		{2CD5AE1B-2592-4278-AED1-47F68467E849}.Release|Mixed Platforms.Build.0 = Release|Any CPU
		{334CF88B-303C-4904-B841-147822607BAD}.Debug|Any CPU.ActiveCfg = Debug|Any CPU
		{334CF88B-303C-4904-B841-147822607BAD}.Debug|Any CPU.Build.0 = Debug|Any CPU
		{334CF88B-303C-4904-B841-147822607BAD}.Debug|Mixed Platforms.ActiveCfg = Debug|Any CPU
		{334CF88B-303C-4904-B841-147822607BAD}.Debug|Mixed Platforms.Build.0 = Debug|Any CPU
		{334CF88B-303C-4904-B841-147822607BAD}.Release|Any CPU.ActiveCfg = Release|Any CPU
		{334CF88B-303C-4904-B841-147822607BAD}.Release|Any CPU.Build.0 = Release|Any CPU
		{334CF88B-303C-4904-B841-147822607BAD}.Release|Mixed Platforms.ActiveCfg = Release|Any CPU
		{334CF88B-303C-4904-B841-147822607BAD}.Release|Mixed Platforms.Build.0 = Release|Any CPU
		{9DDBB54A-232D-47E4-8172-36BFCAF92BA5}.Debug|Any CPU.ActiveCfg = Debug|Any CPU
		{9DDBB54A-232D-47E4-8172-36BFCAF92BA5}.Debug|Any CPU.Build.0 = Debug|Any CPU
		{9DDBB54A-232D-47E4-8172-36BFCAF92BA5}.Debug|Mixed Platforms.ActiveCfg = Debug|Any CPU
		{9DDBB54A-232D-47E4-8172-36BFCAF92BA5}.Debug|Mixed Platforms.Build.0 = Debug|Any CPU
		{9DDBB54A-232D-47E4-8172-36BFCAF92BA5}.Release|Any CPU.ActiveCfg = Debug|Any CPU
		{9DDBB54A-232D-47E4-8172-36BFCAF92BA5}.Release|Any CPU.Build.0 = Debug|Any CPU
		{9DDBB54A-232D-47E4-8172-36BFCAF92BA5}.Release|Mixed Platforms.ActiveCfg = Debug|Any CPU
		{9DDBB54A-232D-47E4-8172-36BFCAF92BA5}.Release|Mixed Platforms.Build.0 = Debug|Any CPU
		{AD6A4DDB-1E9F-4720-BDD9-D0D2FD5B44E3}.Debug|Any CPU.ActiveCfg = Debug|Any CPU
		{AD6A4DDB-1E9F-4720-BDD9-D0D2FD5B44E3}.Debug|Any CPU.Build.0 = Debug|Any CPU
		{AD6A4DDB-1E9F-4720-BDD9-D0D2FD5B44E3}.Debug|Mixed Platforms.ActiveCfg = Debug|Any CPU
		{AD6A4DDB-1E9F-4720-BDD9-D0D2FD5B44E3}.Debug|Mixed Platforms.Build.0 = Debug|Any CPU
		{AD6A4DDB-1E9F-4720-BDD9-D0D2FD5B44E3}.Release|Any CPU.ActiveCfg = Release|Any CPU
		{AD6A4DDB-1E9F-4720-BDD9-D0D2FD5B44E3}.Release|Any CPU.Build.0 = Release|Any CPU
		{AD6A4DDB-1E9F-4720-BDD9-D0D2FD5B44E3}.Release|Mixed Platforms.ActiveCfg = Release|Any CPU
		{AD6A4DDB-1E9F-4720-BDD9-D0D2FD5B44E3}.Release|Mixed Platforms.Build.0 = Release|Any CPU
		{CA492DA1-8307-4ED6-9612-7ABF41AF092A}.Debug|Any CPU.ActiveCfg = Debug|Any CPU
		{CA492DA1-8307-4ED6-9612-7ABF41AF092A}.Debug|Any CPU.Build.0 = Debug|Any CPU
		{CA492DA1-8307-4ED6-9612-7ABF41AF092A}.Debug|Mixed Platforms.ActiveCfg = Debug|Any CPU
		{CA492DA1-8307-4ED6-9612-7ABF41AF092A}.Release|Any CPU.ActiveCfg = Release|Any CPU
		{CA492DA1-8307-4ED6-9612-7ABF41AF092A}.Release|Any CPU.Build.0 = Release|Any CPU
		{CA492DA1-8307-4ED6-9612-7ABF41AF092A}.Release|Mixed Platforms.ActiveCfg = Release|Any CPU
		{CA492DA1-8307-4ED6-9612-7ABF41AF092A}.Release|Mixed Platforms.Build.0 = Release|Any CPU
		{9D83A13D-B5A2-4363-8B3E-9ED055BACAFD}.Debug|Any CPU.ActiveCfg = Debug|Any CPU
		{9D83A13D-B5A2-4363-8B3E-9ED055BACAFD}.Debug|Any CPU.Build.0 = Debug|Any CPU
		{9D83A13D-B5A2-4363-8B3E-9ED055BACAFD}.Debug|Mixed Platforms.ActiveCfg = Debug|Any CPU
		{9D83A13D-B5A2-4363-8B3E-9ED055BACAFD}.Release|Any CPU.ActiveCfg = Release|Any CPU
		{9D83A13D-B5A2-4363-8B3E-9ED055BACAFD}.Release|Any CPU.Build.0 = Release|Any CPU
		{9D83A13D-B5A2-4363-8B3E-9ED055BACAFD}.Release|Mixed Platforms.ActiveCfg = Release|Any CPU
		{9D83A13D-B5A2-4363-8B3E-9ED055BACAFD}.Release|Mixed Platforms.Build.0 = Release|Any CPU
		{6B2512E4-8BC7-48E6-9BCE-994EAFB24ECD}.Debug|Any CPU.ActiveCfg = Debug|Any CPU
		{6B2512E4-8BC7-48E6-9BCE-994EAFB24ECD}.Debug|Any CPU.Build.0 = Debug|Any CPU
		{6B2512E4-8BC7-48E6-9BCE-994EAFB24ECD}.Debug|Mixed Platforms.ActiveCfg = Debug|Any CPU
		{6B2512E4-8BC7-48E6-9BCE-994EAFB24ECD}.Debug|Mixed Platforms.Build.0 = Debug|Any CPU
		{6B2512E4-8BC7-48E6-9BCE-994EAFB24ECD}.Release|Any CPU.ActiveCfg = Release|Any CPU
		{6B2512E4-8BC7-48E6-9BCE-994EAFB24ECD}.Release|Any CPU.Build.0 = Release|Any CPU
		{6B2512E4-8BC7-48E6-9BCE-994EAFB24ECD}.Release|Mixed Platforms.ActiveCfg = Release|Any CPU
		{6B2512E4-8BC7-48E6-9BCE-994EAFB24ECD}.Release|Mixed Platforms.Build.0 = Release|Any CPU
		{0F97C944-8FAE-4F2B-8B1B-A2B9ACBD4A68}.Debug|Any CPU.ActiveCfg = Debug|Any CPU
		{0F97C944-8FAE-4F2B-8B1B-A2B9ACBD4A68}.Debug|Any CPU.Build.0 = Debug|Any CPU
		{0F97C944-8FAE-4F2B-8B1B-A2B9ACBD4A68}.Debug|Mixed Platforms.ActiveCfg = Debug|Any CPU
		{0F97C944-8FAE-4F2B-8B1B-A2B9ACBD4A68}.Debug|Mixed Platforms.Build.0 = Debug|Any CPU
		{0F97C944-8FAE-4F2B-8B1B-A2B9ACBD4A68}.Release|Any CPU.ActiveCfg = Release|Any CPU
		{0F97C944-8FAE-4F2B-8B1B-A2B9ACBD4A68}.Release|Any CPU.Build.0 = Release|Any CPU
		{0F97C944-8FAE-4F2B-8B1B-A2B9ACBD4A68}.Release|Mixed Platforms.ActiveCfg = Release|Any CPU
		{0F97C944-8FAE-4F2B-8B1B-A2B9ACBD4A68}.Release|Mixed Platforms.Build.0 = Release|Any CPU
		{0F2183B0-ADFC-4E58-868B-EC8C779EBA79}.Debug|Any CPU.ActiveCfg = Debug|Any CPU
		{0F2183B0-ADFC-4E58-868B-EC8C779EBA79}.Debug|Any CPU.Build.0 = Debug|Any CPU
		{0F2183B0-ADFC-4E58-868B-EC8C779EBA79}.Debug|Mixed Platforms.ActiveCfg = Debug|Any CPU
		{0F2183B0-ADFC-4E58-868B-EC8C779EBA79}.Debug|Mixed Platforms.Build.0 = Debug|Any CPU
		{0F2183B0-ADFC-4E58-868B-EC8C779EBA79}.Release|Any CPU.ActiveCfg = Debug|Any CPU
		{0F2183B0-ADFC-4E58-868B-EC8C779EBA79}.Release|Any CPU.Build.0 = Debug|Any CPU
		{0F2183B0-ADFC-4E58-868B-EC8C779EBA79}.Release|Mixed Platforms.ActiveCfg = Debug|Any CPU
		{0F2183B0-ADFC-4E58-868B-EC8C779EBA79}.Release|Mixed Platforms.Build.0 = Debug|Any CPU
	EndGlobalSection
	GlobalSection(SolutionProperties) = preSolution
		HideSolutionNode = FALSE
	EndGlobalSection
EndGlobal
