
Microsoft Visual Studio Solution File, Format Version 10.00
# Visual Studio 2008
Project("{FAE04EC0-301F-11D3-BF4B-00C04F79EFBC}") = "Core", "System\Core\Core.csproj", "{8D3AF0F3-3706-40E7-823E-F1B5E14D113B}"
EndProject
Project("{FAE04EC0-301F-11D3-BF4B-00C04F79EFBC}") = "SiteTree", "DataModels\SiteTree\SiteTree.csproj", "{1E4424FF-3B6F-42D4-90C3-44348FB5AF47}"
EndProject
Project("{FAE04EC0-301F-11D3-BF4B-00C04F79EFBC}") = "Library", "System\Library\Library.csproj", "{033FD7D2-D3F9-4EA7-81E7-EFA959753107}"
EndProject
Project("{FAE04EC0-301F-11D3-BF4B-00C04F79EFBC}") = "FileTree", "DataModels\FileTree\FileTree.csproj", "{0611BC03-6D92-429E-836D-1FACCFCD7FC1}"
EndProject
Project("{FAE04EC0-301F-11D3-BF4B-00C04F79EFBC}") = "ProviderBase", "Plugins\ProviderBase\ProviderBase.csproj", "{2CD5AE1B-2592-4278-AED1-47F68467E849}"
EndProject
Project("{FAE04EC0-301F-11D3-BF4B-00C04F79EFBC}") = "ProviderErrorLog", "Plugins\ProviderErrorLog\ProviderErrorLog.csproj", "{334CF88B-303C-4904-B841-147822607BAD}"
EndProject
Project("{E24C65DC-7377-472B-9ABA-BC803B73C61A}") = "cleansite", "cleansite\", "{9DDBB54A-232D-47E4-8172-36BFCAF92BA5}"
	ProjectSection(WebsiteProperties) = preProject
		TargetFramework = "2.0"
		Debug.AspNetCompiler.VirtualPath = "/cleansite"
		Debug.AspNetCompiler.PhysicalPath = "cleansite\"
		Debug.AspNetCompiler.TargetPath = "PrecompiledWeb\cleansite\"
		Debug.AspNetCompiler.Updateable = "true"
		Debug.AspNetCompiler.ForceOverwrite = "true"
		Debug.AspNetCompiler.FixedNames = "false"
		Debug.AspNetCompiler.Debug = "True"
		Release.AspNetCompiler.VirtualPath = "/cleansite"
		Release.AspNetCompiler.PhysicalPath = "cleansite\"
		Release.AspNetCompiler.TargetPath = "PrecompiledWeb\cleansite\"
		Release.AspNetCompiler.Updateable = "true"
		Release.AspNetCompiler.ForceOverwrite = "true"
		Release.AspNetCompiler.FixedNames = "false"
		Release.AspNetCompiler.Debug = "False"
		VWDPort = "17267"
	EndProjectSection
EndProject
Project("{FAE04EC0-301F-11D3-BF4B-00C04F79EFBC}") = "ProviderSearch", "Plugins\ProviderSearch\ProviderSearch.csproj", "{AD6A4DDB-1E9F-4720-BDD9-D0D2FD5B44E3}"
EndProject
Global
	GlobalSection(SolutionConfigurationPlatforms) = preSolution
		Debug|Any CPU = Debug|Any CPU
		Debug|Mixed Platforms = Debug|Mixed Platforms
		Release|Any CPU = Release|Any CPU
		Release|Mixed Platforms = Release|Mixed Platforms
	EndGlobalSection
	GlobalSection(ProjectConfigurationPlatforms) = postSolution
		{8D3AF0F3-3706-40E7-823E-F1B5E14D113B}.Debug|Any CPU.ActiveCfg = Debug|Any CPU
		{8D3AF0F3-3706-40E7-823E-F1B5E14D113B}.Debug|Any CPU.Build.0 = Debug|Any CPU
		{8D3AF0F3-3706-40E7-823E-F1B5E14D113B}.Debug|Mixed Platforms.ActiveCfg = Debug|Any CPU
		{8D3AF0F3-3706-40E7-823E-F1B5E14D113B}.Debug|Mixed Platforms.Build.0 = Debug|Any CPU
		{8D3AF0F3-3706-40E7-823E-F1B5E14D113B}.Release|Any CPU.ActiveCfg = Release|Any CPU
		{8D3AF0F3-3706-40E7-823E-F1B5E14D113B}.Release|Any CPU.Build.0 = Release|Any CPU
		{8D3AF0F3-3706-40E7-823E-F1B5E14D113B}.Release|Mixed Platforms.ActiveCfg = Release|Any CPU
		{8D3AF0F3-3706-40E7-823E-F1B5E14D113B}.Release|Mixed Platforms.Build.0 = Release|Any CPU
		{1E4424FF-3B6F-42D4-90C3-44348FB5AF47}.Debug|Any CPU.ActiveCfg = Debug|Any CPU
		{1E4424FF-3B6F-42D4-90C3-44348FB5AF47}.Debug|Any CPU.Build.0 = Debug|Any CPU
		{1E4424FF-3B6F-42D4-90C3-44348FB5AF47}.Debug|Mixed Platforms.ActiveCfg = Debug|Any CPU
		{1E4424FF-3B6F-42D4-90C3-44348FB5AF47}.Debug|Mixed Platforms.Build.0 = Debug|Any CPU
		{1E4424FF-3B6F-42D4-90C3-44348FB5AF47}.Release|Any CPU.ActiveCfg = Release|Any CPU
		{1E4424FF-3B6F-42D4-90C3-44348FB5AF47}.Release|Any CPU.Build.0 = Release|Any CPU
		{1E4424FF-3B6F-42D4-90C3-44348FB5AF47}.Release|Mixed Platforms.ActiveCfg = Release|Any CPU
		{1E4424FF-3B6F-42D4-90C3-44348FB5AF47}.Release|Mixed Platforms.Build.0 = Release|Any CPU
		{033FD7D2-D3F9-4EA7-81E7-EFA959753107}.Debug|Any CPU.ActiveCfg = Debug|Any CPU
		{033FD7D2-D3F9-4EA7-81E7-EFA959753107}.Debug|Any CPU.Build.0 = Debug|Any CPU
		{033FD7D2-D3F9-4EA7-81E7-EFA959753107}.Debug|Mixed Platforms.ActiveCfg = Debug|Any CPU
		{033FD7D2-D3F9-4EA7-81E7-EFA959753107}.Debug|Mixed Platforms.Build.0 = Debug|Any CPU
		{033FD7D2-D3F9-4EA7-81E7-EFA959753107}.Release|Any CPU.ActiveCfg = Release|Any CPU
		{033FD7D2-D3F9-4EA7-81E7-EFA959753107}.Release|Any CPU.Build.0 = Release|Any CPU
		{033FD7D2-D3F9-4EA7-81E7-EFA959753107}.Release|Mixed Platforms.ActiveCfg = Release|Any CPU
		{033FD7D2-D3F9-4EA7-81E7-EFA959753107}.Release|Mixed Platforms.Build.0 = Release|Any CPU
		{0611BC03-6D92-429E-836D-1FACCFCD7FC1}.Debug|Any CPU.ActiveCfg = Debug|Any CPU
		{0611BC03-6D92-429E-836D-1FACCFCD7FC1}.Debug|Any CPU.Build.0 = Debug|Any CPU
		{0611BC03-6D92-429E-836D-1FACCFCD7FC1}.Debug|Mixed Platforms.ActiveCfg = Debug|Any CPU
		{0611BC03-6D92-429E-836D-1FACCFCD7FC1}.Debug|Mixed Platforms.Build.0 = Debug|Any CPU
		{0611BC03-6D92-429E-836D-1FACCFCD7FC1}.Release|Any CPU.ActiveCfg = Release|Any CPU
		{0611BC03-6D92-429E-836D-1FACCFCD7FC1}.Release|Any CPU.Build.0 = Release|Any CPU
		{0611BC03-6D92-429E-836D-1FACCFCD7FC1}.Release|Mixed Platforms.ActiveCfg = Release|Any CPU
		{0611BC03-6D92-429E-836D-1FACCFCD7FC1}.Release|Mixed Platforms.Build.0 = Release|Any CPU
		{2CD5AE1B-2592-4278-AED1-47F68467E849}.Debug|Any CPU.ActiveCfg = Debug|Any CPU
		{2CD5AE1B-2592-4278-AED1-47F68467E849}.Debug|Any CPU.Build.0 = Debug|Any CPU
		{2CD5AE1B-2592-4278-AED1-47F68467E849}.Debug|Mixed Platforms.ActiveCfg = Debug|Any CPU
		{2CD5AE1B-2592-4278-AED1-47F68467E849}.Debug|Mixed Platforms.Build.0 = Debug|Any CPU
		{2CD5AE1B-2592-4278-AED1-47F68467E849}.Release|Any CPU.ActiveCfg = Release|Any CPU
		{2CD5AE1B-2592-4278-AED1-47F68467E849}.Release|Any CPU.Build.0 = Release|Any CPU
		{2CD5AE1B-2592-4278-AED1-47F68467E849}.Release|Mixed Platforms.ActiveCfg = Release|Any CPU
		{2CD5AE1B-2592-4278-AED1-47F68467E849}.Release|Mixed Platforms.Build.0 = Release|Any CPU
		{334CF88B-303C-4904-B841-147822607BAD}.Debug|Any CPU.ActiveCfg = Debug|Any CPU
		{334CF88B-303C-4904-B841-147822607BAD}.Debug|Any CPU.Build.0 = Debug|Any CPU
		{334CF88B-303C-4904-B841-147822607BAD}.Debug|Mixed Platforms.ActiveCfg = Debug|Any CPU
		{334CF88B-303C-4904-B841-147822607BAD}.Debug|Mixed Platforms.Build.0 = Debug|Any CPU
		{334CF88B-303C-4904-B841-147822607BAD}.Release|Any CPU.ActiveCfg = Release|Any CPU
		{334CF88B-303C-4904-B841-147822607BAD}.Release|Any CPU.Build.0 = Release|Any CPU
		{334CF88B-303C-4904-B841-147822607BAD}.Release|Mixed Platforms.ActiveCfg = Release|Any CPU
		{334CF88B-303C-4904-B841-147822607BAD}.Release|Mixed Platforms.Build.0 = Release|Any CPU
		{9DDBB54A-232D-47E4-8172-36BFCAF92BA5}.Debug|Any CPU.ActiveCfg = Debug|Any CPU
		{9DDBB54A-232D-47E4-8172-36BFCAF92BA5}.Debug|Any CPU.Build.0 = Debug|Any CPU
		{9DDBB54A-232D-47E4-8172-36BFCAF92BA5}.Debug|Mixed Platforms.ActiveCfg = Debug|Any CPU
		{9DDBB54A-232D-47E4-8172-36BFCAF92BA5}.Debug|Mixed Platforms.Build.0 = Debug|Any CPU
		{9DDBB54A-232D-47E4-8172-36BFCAF92BA5}.Release|Any CPU.ActiveCfg = Debug|Any CPU
		{9DDBB54A-232D-47E4-8172-36BFCAF92BA5}.Release|Any CPU.Build.0 = Debug|Any CPU
		{9DDBB54A-232D-47E4-8172-36BFCAF92BA5}.Release|Mixed Platforms.ActiveCfg = Debug|Any CPU
		{9DDBB54A-232D-47E4-8172-36BFCAF92BA5}.Release|Mixed Platforms.Build.0 = Debug|Any CPU
		{AD6A4DDB-1E9F-4720-BDD9-D0D2FD5B44E3}.Debug|Any CPU.ActiveCfg = Debug|Any CPU
		{AD6A4DDB-1E9F-4720-BDD9-D0D2FD5B44E3}.Debug|Any CPU.Build.0 = Debug|Any CPU
		{AD6A4DDB-1E9F-4720-BDD9-D0D2FD5B44E3}.Debug|Mixed Platforms.ActiveCfg = Debug|Any CPU
		{AD6A4DDB-1E9F-4720-BDD9-D0D2FD5B44E3}.Debug|Mixed Platforms.Build.0 = Debug|Any CPU
		{AD6A4DDB-1E9F-4720-BDD9-D0D2FD5B44E3}.Release|Any CPU.ActiveCfg = Release|Any CPU
		{AD6A4DDB-1E9F-4720-BDD9-D0D2FD5B44E3}.Release|Any CPU.Build.0 = Release|Any CPU
		{AD6A4DDB-1E9F-4720-BDD9-D0D2FD5B44E3}.Release|Mixed Platforms.ActiveCfg = Release|Any CPU
		{AD6A4DDB-1E9F-4720-BDD9-D0D2FD5B44E3}.Release|Mixed Platforms.Build.0 = Release|Any CPU
	EndGlobalSection
	GlobalSection(SolutionProperties) = preSolution
		HideSolutionNode = FALSE
	EndGlobalSection
EndGlobal
